
Microsoft Visual Studio Solution File, Format Version 12.00
# Visual Studio 14
VisualStudioVersion = 14.0.23107.0
MinimumVisualStudioVersion = 10.0.40219.1
Project("{FAE04EC0-301F-11D3-BF4B-00C04F79EFBC}") = "EmployeeManagement", "EmployeeManagement\EmployeeManagement.csproj", "{E7FB327A-F3D4-4F7F-A298-8E9C13E2573E}"
EndProject
Global
	GlobalSection(SolutionConfigurationPlatforms) = preSolution
		Debug|Any CPU = Debug|Any CPU
		Release|Any CPU = Release|Any CPU
	EndGlobalSection
	GlobalSection(ProjectConfigurationPlatforms) = postSolution
		{E7FB327A-F3D4-4F7F-A298-8E9C13E2573E}.Debug|Any CPU.ActiveCfg = Debug|Any CPU
		{E7FB327A-F3D4-4F7F-A298-8E9C13E2573E}.Debug|Any CPU.Build.0 = Debug|Any CPU
		{E7FB327A-F3D4-4F7F-A298-8E9C13E2573E}.Release|Any CPU.ActiveCfg = Release|Any CPU
		{E7FB327A-F3D4-4F7F-A298-8E9C13E2573E}.Release|Any CPU.Build.0 = Release|Any CPU
	EndGlobalSection
	GlobalSection(SolutionProperties) = preSolution
		HideSolutionNode = FALSE
	EndGlobalSection
EndGlobal
